
Microsoft Visual Studio Solution File, Format Version 12.00
# Visual Studio Version 16
VisualStudioVersion = 16.0.31321.278
MinimumVisualStudioVersion = 10.0.40219.1
Project("{9A19103F-16F7-4668-BE54-9A1E7A4F7556}") = "DiscBotConsole", "DiscBotConsole\DiscBotConsole.csproj", "{916D06AA-FD1C-4ECB-9F1D-E0982218107E}"
EndProject
Project("{2150E333-8FDC-42A3-9474-1A3956D46DE8}") = "Solution Items", "Solution Items", "{8384AF8E-FD3F-4B8D-AAC2-0540A690D122}"
	ProjectSection(SolutionItems) = preProject
		Dockerfile = Dockerfile
	EndProjectSection
EndProject
Project("{9A19103F-16F7-4668-BE54-9A1E7A4F7556}") = "BotApi", "BotApi\BotApi.csproj", "{1B6A4B5A-469C-4B8A-8F6D-12AE4F86CC37}"
EndProject
Project("{9A19103F-16F7-4668-BE54-9A1E7A4F7556}") = "ClassLibrary", "ClassLibrary\ClassLibrary.csproj", "{23822E13-85F0-4DAD-8E0D-1C66C4D97343}"
EndProject
Project("{FAE04EC0-301F-11D3-BF4B-00C04F79EFBC}") = "BotDash", "BotDash\BotDash.csproj", "{2626B206-E179-4742-952B-4E4AAAE15CAF}"
EndProject
Global
	GlobalSection(SolutionConfigurationPlatforms) = preSolution
		Debug|Any CPU = Debug|Any CPU
		Release|Any CPU = Release|Any CPU
	EndGlobalSection
	GlobalSection(ProjectConfigurationPlatforms) = postSolution
		{916D06AA-FD1C-4ECB-9F1D-E0982218107E}.Debug|Any CPU.ActiveCfg = Debug|Any CPU
		{916D06AA-FD1C-4ECB-9F1D-E0982218107E}.Debug|Any CPU.Build.0 = Debug|Any CPU
		{916D06AA-FD1C-4ECB-9F1D-E0982218107E}.Release|Any CPU.ActiveCfg = Release|Any CPU
		{916D06AA-FD1C-4ECB-9F1D-E0982218107E}.Release|Any CPU.Build.0 = Release|Any CPU
		{1B6A4B5A-469C-4B8A-8F6D-12AE4F86CC37}.Debug|Any CPU.ActiveCfg = Debug|Any CPU
		{1B6A4B5A-469C-4B8A-8F6D-12AE4F86CC37}.Debug|Any CPU.Build.0 = Debug|Any CPU
		{1B6A4B5A-469C-4B8A-8F6D-12AE4F86CC37}.Release|Any CPU.ActiveCfg = Release|Any CPU
		{1B6A4B5A-469C-4B8A-8F6D-12AE4F86CC37}.Release|Any CPU.Build.0 = Release|Any CPU
		{23822E13-85F0-4DAD-8E0D-1C66C4D97343}.Debug|Any CPU.ActiveCfg = Debug|Any CPU
		{23822E13-85F0-4DAD-8E0D-1C66C4D97343}.Debug|Any CPU.Build.0 = Debug|Any CPU
		{23822E13-85F0-4DAD-8E0D-1C66C4D97343}.Release|Any CPU.ActiveCfg = Release|Any CPU
		{23822E13-85F0-4DAD-8E0D-1C66C4D97343}.Release|Any CPU.Build.0 = Release|Any CPU
		{2626B206-E179-4742-952B-4E4AAAE15CAF}.Debug|Any CPU.ActiveCfg = Debug|Any CPU
		{2626B206-E179-4742-952B-4E4AAAE15CAF}.Debug|Any CPU.Build.0 = Debug|Any CPU
		{2626B206-E179-4742-952B-4E4AAAE15CAF}.Release|Any CPU.ActiveCfg = Release|Any CPU
		{2626B206-E179-4742-952B-4E4AAAE15CAF}.Release|Any CPU.Build.0 = Release|Any CPU
	EndGlobalSection
	GlobalSection(SolutionProperties) = preSolution
		HideSolutionNode = FALSE
	EndGlobalSection
	GlobalSection(ExtensibilityGlobals) = postSolution
		SolutionGuid = {6B290714-ED2A-4D16-B617-8A9424DF507D}
	EndGlobalSection
EndGlobal
